
Microsoft Visual Studio Solution File, Format Version 12.00
# Visual Studio Version 16
VisualStudioVersion = 16.0.31321.278
MinimumVisualStudioVersion = 10.0.40219.1
Project("{FAE04EC0-301F-11D3-BF4B-00C04F79EFBC}") = "Pesquisa", "Pesquisa\Pesquisa.csproj", "{A3AF2B34-A2BD-4EBC-B8E5-9F0D486890C8}"
EndProject
Global
	GlobalSection(SolutionConfigurationPlatforms) = preSolution
		Debug|Any CPU = Debug|Any CPU
		Release|Any CPU = Release|Any CPU
	EndGlobalSection
	GlobalSection(ProjectConfigurationPlatforms) = postSolution
		{A3AF2B34-A2BD-4EBC-B8E5-9F0D486890C8}.Debug|Any CPU.ActiveCfg = Debug|Any CPU
		{A3AF2B34-A2BD-4EBC-B8E5-9F0D486890C8}.Debug|Any CPU.Build.0 = Debug|Any CPU
		{A3AF2B34-A2BD-4EBC-B8E5-9F0D486890C8}.Release|Any CPU.ActiveCfg = Release|Any CPU
		{A3AF2B34-A2BD-4EBC-B8E5-9F0D486890C8}.Release|Any CPU.Build.0 = Release|Any CPU
	EndGlobalSection
	GlobalSection(SolutionProperties) = preSolution
		HideSolutionNode = FALSE
	EndGlobalSection
	GlobalSection(ExtensibilityGlobals) = postSolution
		SolutionGuid = {160CEC3D-6B09-4887-8CB6-4E94F8623075}
	EndGlobalSection
EndGlobal
